{
  "name": "ai-ugc",
  "version": "0.0.0",
  "lockfileVersion": 3,
  "requires": true,
  "packages": {
    "": {
      "name": "ai-ugc",
      "version": "0.0.0",
      "dependencies": {
        "playwright": "^1.60.0"
      },
      "engines": {
        "node": ">=20"
      }
    },
    "node_modules/playwright": {
      "version": "1.63.0",
      "resolved": "https://registry.npmjs.org/playwright/-/playwright-1.63.0.tgz",
      "integrity": "sha512-+7ziBLidS4NaNCdt57SUDT+wYmmd5fmiQejUic/kb+YsYSCPyOOE9sebzMjNmQrsnNpDJqd4WHvV/8lfKfUDUg==",
      "license": "Apache-2.0",
      "dependencies": {
        "playwright-core": "1.63.0"
      },
      "bin": {
        "playwright": "cli.js"
      },
      "engines": {
        "node": ">=20"
      }
    },
    "node_modules/playwright-core": {
      "version": "1.63.0",
      "resolved": "https://registry.npmjs.org/playwright-core/-/playwright-core-1.63.0.tgz",
      "integrity": "sha512-rYCsBF/M5HjUch52bbtVONEFjv6Xu8sm8h72dNlR5bzIE1fvC/bxgspzkjSfU+MweEMmPM8KJebG6nnyxo5mCg==",
      "license": "Apache-2.0",
      "bin": {
        "playwright-core": "cli.js"
      },
      "engines": {
        "node": ">=20"
      }
    },
    "packages/Open-AI-Design-Agent/packages/design-agent": {
      "version": "1.0.0",
      "extraneous": true,
      "license": "MIT",
      "dependencies": {
        "axios": "^1.7.0",
        "framer-motion": "^12.0.0",
        "konva": "^10.3.0",
        "react-hot-toast": "^2.5.2",
        "react-icons": "^5.5.0",
        "react-konva": "^19.0.0",
        "react-markdown": "^10.1.0",
        "react-syntax-highlighter": "^15.6.1",
        "remark-gfm": "^4.0.1"
      },
      "devDependencies": {
        "@babel/cli": "^7.28.3",
        "@babel/core": "^7.29.0",
        "@babel/preset-env": "^7.28.5",
        "@babel/preset-react": "^7.28.5",
        "autoprefixer": "^10.4.14",
        "postcss": "^8.4.24",
        "tailwindcss": "^3.3.3"
      },
      "peerDependencies": {
        "next": ">=14.0.0",
        "next-themes": ">=0.4.0",
        "react": ">=18.0.0",
        "react-dom": ">=18.0.0"
      }
    },
    "packages/Open-Poe-AI/packages/agents": {
      "name": "ai-agent",
      "version": "1.0.0",
      "extraneous": true,
      "license": "MIT",
      "dependencies": {
        "axios": "^1.7.0",
        "next-themes": "^0.4.6",
        "react-hot-toast": "^2.5.2",
        "react-icons": "^5.0.1",
        "react-markdown": "^9.0.0",
        "react-toastify": "^11.0.5",
        "reactflow": "^11.11.4",
        "remark-gfm": "^4.0.0"
      },
      "devDependencies": {
        "@babel/cli": "^7.28.3",
        "@babel/preset-env": "^7.28.5",
        "@babel/preset-react": "^7.28.5",
        "autoprefixer": "^10.4.14",
        "postcss": "^8.4.24",
        "tailwindcss": "^3.3.3"
      },
      "peerDependencies": {
        "react": ">=18.0.0",
        "react-dom": ">=18.0.0"
      }
    },
    "packages/studio": {
      "version": "1.0.0",
      "extraneous": true,
      "license": "MIT",
      "dependencies": {
        "@xyflow/react": "^12.10.2",
        "ai-agent": "file:../Open-Poe-AI/packages/agents",
        "axios": "^1.7.0",
        "design-agent": "file:../Open-AI-Design-Agent/packages/design-agent",
        "lucide-react": "^1.8.0",
        "react-hot-toast": "^2.4.1",
        "react-icons": "^5.0.1",
        "react-markdown": "^10.1.0",
        "react-syntax-highlighter": "^16.1.1",
        "react-toastify": "^11.1.0",
        "reactflow": "^11.11.4",
        "remark-gfm": "^4.0.1",
        "workflow-builder": "file:../Vibe-Workflow/packages/workflow-builder"
      },
      "devDependencies": {
        "@babel/cli": "^7.28.3",
        "@babel/preset-env": "^7.28.5",
        "@babel/preset-react": "^7.28.5",
        "autoprefixer": "^10.4.14",
        "postcss": "^8.4.24",
        "tailwindcss": "^3.3.3"
      },
      "peerDependencies": {
        "react": ">=18.0.0",
        "react-dom": ">=18.0.0"
      }
    },
    "packages/Vibe-Workflow/packages/workflow-builder": {
      "version": "1.0.0",
      "extraneous": true,
      "license": "MIT",
      "dependencies": {
        "axios": "^1.7.0",
        "react-hot-toast": "^2.4.1",
        "react-icons": "^5.0.1",
        "react-markdown": "^9.0.0",
        "reactflow": "^11.11.4",
        "remark-gfm": "^4.0.0"
      },
      "devDependencies": {
        "@babel/cli": "^7.28.3",
        "@babel/preset-env": "^7.28.5",
        "@babel/preset-react": "^7.28.5",
        "autoprefixer": "^10.4.14",
        "postcss": "^8.4.24",
        "tailwindcss": "^3.3.3"
      },
      "peerDependencies": {
        "react": ">=18.0.0",
        "react-dom": ">=18.0.0"
      }
    }
  }
}
